// !$*UTF8*$!
{
	archiveVersion = 1;
	classes = {
	};
	objectVersion = 52;
	objects = {

/* Begin PBXBuildFile section */
		B56423C3240AAFB000915DE1 /* AppDelegate.swift in Sources */ = {isa = PBXBuildFile; fileRef = B56423C2240AAFB000915DE1 /* AppDelegate.swift */; };
		B56423CC240AAFB400915DE1 /* Assets.xcassets in Resources */ = {isa = PBXBuildFile; fileRef = B56423CB240AAFB400915DE1 /* Assets.xcassets */; };
		B56423CF240AAFB400915DE1 /* LaunchScreen.storyboard in Resources */ = {isa = PBXBuildFile; fileRef = B56423CD240AAFB400915DE1 /* LaunchScreen.storyboard */; };
		B56423DA240AAFB500915DE1 /* CurrencyTests.swift in Sources */ = {isa = PBXBuildFile; fileRef = B56423D9240AAFB500915DE1 /* CurrencyTests.swift */; };
		B56423E5240AAFB500915DE1 /* CurrencyUITests.swift in Sources */ = {isa = PBXBuildFile; fileRef = B56423E4240AAFB500915DE1 /* CurrencyUITests.swift */; };
		B5642475240AB39200915DE1 /* Domain in Frameworks */ = {isa = PBXBuildFile; productRef = B5642474240AB39200915DE1 /* Domain */; };
		B564247A240AB4B600915DE1 /* ConverterFeature in Frameworks */ = {isa = PBXBuildFile; productRef = B5642479240AB4B600915DE1 /* ConverterFeature */; };
		B564247C240AB4B900915DE1 /* DataAccess in Frameworks */ = {isa = PBXBuildFile; productRef = B564247B240AB4B900915DE1 /* DataAccess */; };
		B564247E240AB4BB00915DE1 /* DesignLibrary in Frameworks */ = {isa = PBXBuildFile; productRef = B564247D240AB4BB00915DE1 /* DesignLibrary */; };
		B5D07D95240B12AC001F3A98 /* currencies.json in Resources */ = {isa = PBXBuildFile; fileRef = B5D07D94240B12AC001F3A98 /* currencies.json */; };
/* End PBXBuildFile section */

/* Begin PBXContainerItemProxy section */
		B56423D6240AAFB400915DE1 /* PBXContainerItemProxy */ = {
			isa = PBXContainerItemProxy;
			containerPortal = B56423B7240AAFB000915DE1 /* Project object */;
			proxyType = 1;
			remoteGlobalIDString = B56423BE240AAFB000915DE1;
			remoteInfo = Currency;
		};
		B56423E1240AAFB500915DE1 /* PBXContainerItemProxy */ = {
			isa = PBXContainerItemProxy;
			containerPortal = B56423B7240AAFB000915DE1 /* Project object */;
			proxyType = 1;
			remoteGlobalIDString = B56423BE240AAFB000915DE1;
			remoteInfo = Currency;
		};
/* End PBXContainerItemProxy section */

/* Begin PBXFileReference section */
		B56423BF240AAFB000915DE1 /* Currency.app */ = {isa = PBXFileReference; explicitFileType = wrapper.application; includeInIndex = 0; path = Currency.app; sourceTree = BUILT_PRODUCTS_DIR; };
		B56423C2240AAFB000915DE1 /* AppDelegate.swift */ = {isa = PBXFileReference; lastKnownFileType = sourcecode.swift; path = AppDelegate.swift; sourceTree = "<group>"; };
		B56423CB240AAFB400915DE1 /* Assets.xcassets */ = {isa = PBXFileReference; lastKnownFileType = folder.assetcatalog; path = Assets.xcassets; sourceTree = "<group>"; };
		B56423CE240AAFB400915DE1 /* Base */ = {isa = PBXFileReference; lastKnownFileType = file.storyboard; name = Base; path = Base.lproj/LaunchScreen.storyboard; sourceTree = "<group>"; };
		B56423D0240AAFB400915DE1 /* Info.plist */ = {isa = PBXFileReference; lastKnownFileType = text.plist.xml; path = Info.plist; sourceTree = "<group>"; };
		B56423D5240AAFB400915DE1 /* CurrencyTests.xctest */ = {isa = PBXFileReference; explicitFileType = wrapper.cfbundle; includeInIndex = 0; path = CurrencyTests.xctest; sourceTree = BUILT_PRODUCTS_DIR; };
		B56423D9240AAFB500915DE1 /* CurrencyTests.swift */ = {isa = PBXFileReference; lastKnownFileType = sourcecode.swift; path = CurrencyTests.swift; sourceTree = "<group>"; };
		B56423DB240AAFB500915DE1 /* Info.plist */ = {isa = PBXFileReference; lastKnownFileType = text.plist.xml; path = Info.plist; sourceTree = "<group>"; };
		B56423E0240AAFB500915DE1 /* CurrencyUITests.xctest */ = {isa = PBXFileReference; explicitFileType = wrapper.cfbundle; includeInIndex = 0; path = CurrencyUITests.xctest; sourceTree = BUILT_PRODUCTS_DIR; };
		B56423E4240AAFB500915DE1 /* CurrencyUITests.swift */ = {isa = PBXFileReference; lastKnownFileType = sourcecode.swift; path = CurrencyUITests.swift; sourceTree = "<group>"; };
		B56423E6240AAFB500915DE1 /* Info.plist */ = {isa = PBXFileReference; lastKnownFileType = text.plist.xml; path = Info.plist; sourceTree = "<group>"; };
		B5642472240AB35400915DE1 /* Domain */ = {isa = PBXFileReference; lastKnownFileType = folder; name = Domain; path = ../Domain; sourceTree = "<group>"; };
		B5642476240AB3CF00915DE1 /* DataAccess */ = {isa = PBXFileReference; lastKnownFileType = folder; name = DataAccess; path = ../DataAccess; sourceTree = "<group>"; };
		B5642478240AB47100915DE1 /* ConverterFeature */ = {isa = PBXFileReference; lastKnownFileType = folder; name = ConverterFeature; path = ../ConverterFeature; sourceTree = "<group>"; };
		B5642495240AB54500915DE1 /* DesignLibrary */ = {isa = PBXFileReference; lastKnownFileType = folder; name = DesignLibrary; path = ../DesignLibrary; sourceTree = "<group>"; };
		B5642496240AC5D000915DE1 /* Future */ = {isa = PBXFileReference; lastKnownFileType = folder; name = Future; path = ../Future; sourceTree = "<group>"; };
		B5D07D94240B12AC001F3A98 /* currencies.json */ = {isa = PBXFileReference; fileEncoding = 4; lastKnownFileType = text.json; name = currencies.json; path = ../../../../Downloads/revolut_ios_test/currencies.json; sourceTree = "<group>"; };
/* End PBXFileReference section */

/* Begin PBXFrameworksBuildPhase section */
		B56423BC240AAFB000915DE1 /* Frameworks */ = {
			isa = PBXFrameworksBuildPhase;
			buildActionMask = 2147483647;
			files = (
				B564247E240AB4BB00915DE1 /* DesignLibrary in Frameworks */,
				B564247A240AB4B600915DE1 /* ConverterFeature in Frameworks */,
				B564247C240AB4B900915DE1 /* DataAccess in Frameworks */,
				B5642475240AB39200915DE1 /* Domain in Frameworks */,
			);
			runOnlyForDeploymentPostprocessing = 0;
		};
		B56423D2240AAFB400915DE1 /* Frameworks */ = {
			isa = PBXFrameworksBuildPhase;
			buildActionMask = 2147483647;
			files = (
			);
			runOnlyForDeploymentPostprocessing = 0;
		};
		B56423DD240AAFB500915DE1 /* Frameworks */ = {
			isa = PBXFrameworksBuildPhase;
			buildActionMask = 2147483647;
			files = (
			);
			runOnlyForDeploymentPostprocessing = 0;
		};
/* End PBXFrameworksBuildPhase section */

/* Begin PBXGroup section */
		B56423B6240AAFB000915DE1 = {
			isa = PBXGroup;
			children = (
				B5642496240AC5D000915DE1 /* Future */,
				B5642478240AB47100915DE1 /* ConverterFeature */,
				B5642495240AB54500915DE1 /* DesignLibrary */,
				B5642476240AB3CF00915DE1 /* DataAccess */,
				B5642472240AB35400915DE1 /* Domain */,
				B56423C1240AAFB000915DE1 /* Currency */,
				B56423D8240AAFB500915DE1 /* CurrencyTests */,
				B56423E3240AAFB500915DE1 /* CurrencyUITests */,
				B56423C0240AAFB000915DE1 /* Products */,
				B5642473240AB39200915DE1 /* Frameworks */,
			);
			sourceTree = "<group>";
		};
		B56423C0240AAFB000915DE1 /* Products */ = {
			isa = PBXGroup;
			children = (
				B56423BF240AAFB000915DE1 /* Currency.app */,
				B56423D5240AAFB400915DE1 /* CurrencyTests.xctest */,
				B56423E0240AAFB500915DE1 /* CurrencyUITests.xctest */,
			);
			name = Products;
			sourceTree = "<group>";
		};
		B56423C1240AAFB000915DE1 /* Currency */ = {
			isa = PBXGroup;
			children = (
				B5D07D94240B12AC001F3A98 /* currencies.json */,
				B56423C2240AAFB000915DE1 /* AppDelegate.swift */,
				B56423CB240AAFB400915DE1 /* Assets.xcassets */,
				B56423CD240AAFB400915DE1 /* LaunchScreen.storyboard */,
				B56423D0240AAFB400915DE1 /* Info.plist */,
			);
			path = Currency;
			sourceTree = "<group>";
		};
		B56423D8240AAFB500915DE1 /* CurrencyTests */ = {
			isa = PBXGroup;
			children = (
				B56423D9240AAFB500915DE1 /* CurrencyTests.swift */,
				B56423DB240AAFB500915DE1 /* Info.plist */,
			);
			path = CurrencyTests;
			sourceTree = "<group>";
		};
		B56423E3240AAFB500915DE1 /* CurrencyUITests */ = {
			isa = PBXGroup;
			children = (
				B56423E4240AAFB500915DE1 /* CurrencyUITests.swift */,
				B56423E6240AAFB500915DE1 /* Info.plist */,
			);
			path = CurrencyUITests;
			sourceTree = "<group>";
		};
		B5642473240AB39200915DE1 /* Frameworks */ = {
			isa = PBXGroup;
			children = (
			);
			name = Frameworks;
			sourceTree = "<group>";
		};
/* End PBXGroup section */

/* Begin PBXNativeTarget section */
		B56423BE240AAFB000915DE1 /* Currency */ = {
			isa = PBXNativeTarget;
			buildConfigurationList = B56423E9240AAFB500915DE1 /* Build configuration list for PBXNativeTarget "Currency" */;
			buildPhases = (
				B56423BB240AAFB000915DE1 /* Sources */,
				B56423BC240AAFB000915DE1 /* Frameworks */,
				B56423BD240AAFB000915DE1 /* Resources */,
			);
			buildRules = (
			);
			dependencies = (
			);
			name = Currency;
			packageProductDependencies = (
				B5642474240AB39200915DE1 /* Domain */,
				B5642479240AB4B600915DE1 /* ConverterFeature */,
				B564247B240AB4B900915DE1 /* DataAccess */,
				B564247D240AB4BB00915DE1 /* DesignLibrary */,
			);
			productName = Currency;
			productReference = B56423BF240AAFB000915DE1 /* Currency.app */;
			productType = "com.apple.product-type.application";
		};
		B56423D4240AAFB400915DE1 /* CurrencyTests */ = {
			isa = PBXNativeTarget;
			buildConfigurationList = B56423EC240AAFB500915DE1 /* Build configuration list for PBXNativeTarget "CurrencyTests" */;
			buildPhases = (
				B56423D1240AAFB400915DE1 /* Sources */,
				B56423D2240AAFB400915DE1 /* Frameworks */,
				B56423D3240AAFB400915DE1 /* Resources */,
			);
			buildRules = (
			);
			dependencies = (
				B56423D7240AAFB400915DE1 /* PBXTargetDependency */,
			);
			name = CurrencyTests;
			productName = CurrencyTests;
			productReference = B56423D5240AAFB400915DE1 /* CurrencyTests.xctest */;
			productType = "com.apple.product-type.bundle.unit-test";
		};
		B56423DF240AAFB500915DE1 /* CurrencyUITests */ = {
			isa = PBXNativeTarget;
			buildConfigurationList = B56423EF240AAFB500915DE1 /* Build configuration list for PBXNativeTarget "CurrencyUITests" */;
			buildPhases = (
				B56423DC240AAFB500915DE1 /* Sources */,
				B56423DD240AAFB500915DE1 /* Frameworks */,
				B56423DE240AAFB500915DE1 /* Resources */,
			);
			buildRules = (
			);
			dependencies = (
				B56423E2240AAFB500915DE1 /* PBXTargetDependency */,
			);
			name = CurrencyUITests;
			productName = CurrencyUITests;
			productReference = B56423E0240AAFB500915DE1 /* CurrencyUITests.xctest */;
			productType = "com.apple.product-type.bundle.ui-testing";
		};
/* End PBXNativeTarget section */

/* Begin PBXProject section */
		B56423B7240AAFB000915DE1 /* Project object */ = {
			isa = PBXProject;
			attributes = {
				LastSwiftUpdateCheck = 1130;
				LastUpgradeCheck = 1130;
				ORGANIZATIONNAME = "Ilya Puchka";
				TargetAttributes = {
					B56423BE240AAFB000915DE1 = {
						CreatedOnToolsVersion = 11.3.1;
					};
					B56423D4240AAFB400915DE1 = {
						CreatedOnToolsVersion = 11.3.1;
						TestTargetID = B56423BE240AAFB000915DE1;
					};
					B56423DF240AAFB500915DE1 = {
						CreatedOnToolsVersion = 11.3.1;
						TestTargetID = B56423BE240AAFB000915DE1;
					};
				};
			};
			buildConfigurationList = B56423BA240AAFB000915DE1 /* Build configuration list for PBXProject "Currency" */;
			compatibilityVersion = "Xcode 9.3";
			developmentRegion = en;
			hasScannedForEncodings = 0;
			knownRegions = (
				en,
				Base,
			);
			mainGroup = B56423B6240AAFB000915DE1;
			productRefGroup = B56423C0240AAFB000915DE1 /* Products */;
			projectDirPath = "";
			projectRoot = "";
			targets = (
				B56423BE240AAFB000915DE1 /* Currency */,
				B56423D4240AAFB400915DE1 /* CurrencyTests */,
				B56423DF240AAFB500915DE1 /* CurrencyUITests */,
			);
		};
/* End PBXProject section */

/* Begin PBXResourcesBuildPhase section */
		B56423BD240AAFB000915DE1 /* Resources */ = {
			isa = PBXResourcesBuildPhase;
			buildActionMask = 2147483647;
			files = (
				B56423CF240AAFB400915DE1 /* LaunchScreen.storyboard in Resources */,
				B56423CC240AAFB400915DE1 /* Assets.xcassets in Resources */,
				B5D07D95240B12AC001F3A98 /* currencies.json in Resources */,
			);
			runOnlyForDeploymentPostprocessing = 0;
		};
		B56423D3240AAFB400915DE1 /* Resources */ = {
			isa = PBXResourcesBuildPhase;
			buildActionMask = 2147483647;
			files = (
			);
			runOnlyForDeploymentPostprocessing = 0;
		};
		B56423DE240AAFB500915DE1 /* Resources */ = {
			isa = PBXResourcesBuildPhase;
			buildActionMask = 2147483647;
			files = (
			);
			runOnlyForDeploymentPostprocessing = 0;
		};
/* End PBXResourcesBuildPhase section */

/* Begin PBXSourcesBuildPhase section */
		B56423BB240AAFB000915DE1 /* Sources */ = {
			isa = PBXSourcesBuildPhase;
			buildActionMask = 2147483647;
			files = (
				B56423C3240AAFB000915DE1 /* AppDelegate.swift in Sources */,
			);
			runOnlyForDeploymentPostprocessing = 0;
		};
		B56423D1240AAFB400915DE1 /* Sources */ = {
			isa = PBXSourcesBuildPhase;
			buildActionMask = 2147483647;
			files = (
				B56423DA240AAFB500915DE1 /* CurrencyTests.swift in Sources */,
			);
			runOnlyForDeploymentPostprocessing = 0;
		};
		B56423DC240AAFB500915DE1 /* Sources */ = {
			isa = PBXSourcesBuildPhase;
			buildActionMask = 2147483647;
			files = (
				B56423E5240AAFB500915DE1 /* CurrencyUITests.swift in Sources */,
			);
			runOnlyForDeploymentPostprocessing = 0;
		};
/* End PBXSourcesBuildPhase section */

/* Begin PBXTargetDependency section */
		B56423D7240AAFB400915DE1 /* PBXTargetDependency */ = {
			isa = PBXTargetDependency;
			target = B56423BE240AAFB000915DE1 /* Currency */;
			targetProxy = B56423D6240AAFB400915DE1 /* PBXContainerItemProxy */;
		};
		B56423E2240AAFB500915DE1 /* PBXTargetDependency */ = {
			isa = PBXTargetDependency;
			target = B56423BE240AAFB000915DE1 /* Currency */;
			targetProxy = B56423E1240AAFB500915DE1 /* PBXContainerItemProxy */;
		};
/* End PBXTargetDependency section */

/* Begin PBXVariantGroup section */
		B56423CD240AAFB400915DE1 /* LaunchScreen.storyboard */ = {
			isa = PBXVariantGroup;
			children = (
				B56423CE240AAFB400915DE1 /* Base */,
			);
			name = LaunchScreen.storyboard;
			sourceTree = "<group>";
		};
/* End PBXVariantGroup section */

/* Begin XCBuildConfiguration section */
		B56423E7240AAFB500915DE1 /* Debug */ = {
			isa = XCBuildConfiguration;
			buildSettings = {
				ALWAYS_SEARCH_USER_PATHS = NO;
				CLANG_ANALYZER_NONNULL = YES;
				CLANG_ANALYZER_NUMBER_OBJECT_CONVERSION = YES_AGGRESSIVE;
				CLANG_CXX_LANGUAGE_STANDARD = "gnu++14";
				CLANG_CXX_LIBRARY = "libc++";
				CLANG_ENABLE_MODULES = YES;
				CLANG_ENABLE_OBJC_ARC = YES;
				CLANG_ENABLE_OBJC_WEAK = YES;
				CLANG_WARN_BLOCK_CAPTURE_AUTORELEASING = YES;
				CLANG_WARN_BOOL_CONVERSION = YES;
				CLANG_WARN_COMMA = YES;
				CLANG_WARN_CONSTANT_CONVERSION = YES;
				CLANG_WARN_DEPRECATED_OBJC_IMPLEMENTATIONS = YES;
				CLANG_WARN_DIRECT_OBJC_ISA_USAGE = YES_ERROR;
				CLANG_WARN_DOCUMENTATION_COMMENTS = YES;
				CLANG_WARN_EMPTY_BODY = YES;
				CLANG_WARN_ENUM_CONVERSION = YES;
				CLANG_WARN_INFINITE_RECURSION = YES;
				CLANG_WARN_INT_CONVERSION = YES;
				CLANG_WARN_NON_LITERAL_NULL_CONVERSION = YES;
				CLANG_WARN_OBJC_IMPLICIT_RETAIN_SELF = YES;
				CLANG_WARN_OBJC_LITERAL_CONVERSION = YES;
				CLANG_WARN_OBJC_ROOT_CLASS = YES_ERROR;
				CLANG_WARN_RANGE_LOOP_ANALYSIS = YES;
				CLANG_WARN_STRICT_PROTOTYPES = YES;
				CLANG_WARN_SUSPICIOUS_MOVE = YES;
				CLANG_WARN_UNGUARDED_AVAILABILITY = YES_AGGRESSIVE;
				CLANG_WARN_UNREACHABLE_CODE = YES;
				CLANG_WARN__DUPLICATE_METHOD_MATCH = YES;
				COPY_PHASE_STRIP = NO;
				DEBUG_INFORMATION_FORMAT = dwarf;
				ENABLE_STRICT_OBJC_MSGSEND = YES;
				ENABLE_TESTABILITY = YES;
				GCC_C_LANGUAGE_STANDARD = gnu11;
				GCC_DYNAMIC_NO_PIC = NO;
				GCC_NO_COMMON_BLOCKS = YES;
				GCC_OPTIMIZATION_LEVEL = 0;
				GCC_PREPROCESSOR_DEFINITIONS = (
					"DEBUG=1",
					"$(inherited)",
				);
				GCC_WARN_64_TO_32_BIT_CONVERSION = YES;
				GCC_WARN_ABOUT_RETURN_TYPE = YES_ERROR;
				GCC_WARN_UNDECLARED_SELECTOR = YES;
				GCC_WARN_UNINITIALIZED_AUTOS = YES_AGGRESSIVE;
				GCC_WARN_UNUSED_FUNCTION = YES;
				GCC_WARN_UNUSED_VARIABLE = YES;
				IPHONEOS_DEPLOYMENT_TARGET = 12.4;
				MTL_ENABLE_DEBUG_INFO = INCLUDE_SOURCE;
				MTL_FAST_MATH = YES;
				ONLY_ACTIVE_ARCH = YES;
				SDKROOT = iphoneos;
				SWIFT_ACTIVE_COMPILATION_CONDITIONS = DEBUG;
				SWIFT_OPTIMIZATION_LEVEL = "-Onone";
			};
			name = Debug;
		};
		B56423E8240AAFB500915DE1 /* Release */ = {
			isa = XCBuildConfiguration;
			buildSettings = {
				ALWAYS_SEARCH_USER_PATHS = NO;
				CLANG_ANALYZER_NONNULL = YES;
				CLANG_ANALYZER_NUMBER_OBJECT_CONVERSION = YES_AGGRESSIVE;
				CLANG_CXX_LANGUAGE_STANDARD = "gnu++14";
				CLANG_CXX_LIBRARY = "libc++";
				CLANG_ENABLE_MODULES = YES;
				CLANG_ENABLE_OBJC_ARC = YES;
				CLANG_ENABLE_OBJC_WEAK = YES;
				CLANG_WARN_BLOCK_CAPTURE_AUTORELEASING = YES;
				CLANG_WARN_BOOL_CONVERSION = YES;
				CLANG_WARN_COMMA = YES;
				CLANG_WARN_CONSTANT_CONVERSION = YES;
				CLANG_WARN_DEPRECATED_OBJC_IMPLEMENTATIONS = YES;
				CLANG_WARN_DIRECT_OBJC_ISA_USAGE = YES_ERROR;
				CLANG_WARN_DOCUMENTATION_COMMENTS = YES;
				CLANG_WARN_EMPTY_BODY = YES;
				CLANG_WARN_ENUM_CONVERSION = YES;
				CLANG_WARN_INFINITE_RECURSION = YES;
				CLANG_WARN_INT_CONVERSION = YES;
				CLANG_WARN_NON_LITERAL_NULL_CONVERSION = YES;
				CLANG_WARN_OBJC_IMPLICIT_RETAIN_SELF = YES;
				CLANG_WARN_OBJC_LITERAL_CONVERSION = YES;
				CLANG_WARN_OBJC_ROOT_CLASS = YES_ERROR;
				CLANG_WARN_RANGE_LOOP_ANALYSIS = YES;
				CLANG_WARN_STRICT_PROTOTYPES = YES;
				CLANG_WARN_SUSPICIOUS_MOVE = YES;
				CLANG_WARN_UNGUARDED_AVAILABILITY = YES_AGGRESSIVE;
				CLANG_WARN_UNREACHABLE_CODE = YES;
				CLANG_WARN__DUPLICATE_METHOD_MATCH = YES;
				COPY_PHASE_STRIP = NO;
				DEBUG_INFORMATION_FORMAT = "dwarf-with-dsym";
				ENABLE_NS_ASSERTIONS = NO;
				ENABLE_STRICT_OBJC_MSGSEND = YES;
				GCC_C_LANGUAGE_STANDARD = gnu11;
				GCC_NO_COMMON_BLOCKS = YES;
				GCC_WARN_64_TO_32_BIT_CONVERSION = YES;
				GCC_WARN_ABOUT_RETURN_TYPE = YES_ERROR;
				GCC_WARN_UNDECLARED_SELECTOR = YES;
				GCC_WARN_UNINITIALIZED_AUTOS = YES_AGGRESSIVE;
				GCC_WARN_UNUSED_FUNCTION = YES;
				GCC_WARN_UNUSED_VARIABLE = YES;
				IPHONEOS_DEPLOYMENT_TARGET = 12.4;
				MTL_ENABLE_DEBUG_INFO = NO;
				MTL_FAST_MATH = YES;
				SDKROOT = iphoneos;
				SWIFT_COMPILATION_MODE = wholemodule;
				SWIFT_OPTIMIZATION_LEVEL = "-O";
				VALIDATE_PRODUCT = YES;
			};
			name = Release;
		};
		B56423EA240AAFB500915DE1 /* Debug */ = {
			isa = XCBuildConfiguration;
			buildSettings = {
				ASSETCATALOG_COMPILER_APPICON_NAME = AppIcon;
				CODE_SIGN_STYLE = Automatic;
				INFOPLIST_FILE = Currency/Info.plist;
				LD_RUNPATH_SEARCH_PATHS = (
					"$(inherited)",
					"@executable_path/Frameworks",
				);
				PRODUCT_BUNDLE_IDENTIFIER = ilya.puchka.Currency;
				PRODUCT_NAME = "$(TARGET_NAME)";
				SWIFT_VERSION = 5.0;
				TARGETED_DEVICE_FAMILY = "1,2";
			};
			name = Debug;
		};
		B56423EB240AAFB500915DE1 /* Release */ = {
			isa = XCBuildConfiguration;
			buildSettings = {
				ASSETCATALOG_COMPILER_APPICON_NAME = AppIcon;
				CODE_SIGN_STYLE = Automatic;
				INFOPLIST_FILE = Currency/Info.plist;
				LD_RUNPATH_SEARCH_PATHS = (
					"$(inherited)",
					"@executable_path/Frameworks",
				);
				PRODUCT_BUNDLE_IDENTIFIER = ilya.puchka.Currency;
				PRODUCT_NAME = "$(TARGET_NAME)";
				SWIFT_VERSION = 5.0;
				TARGETED_DEVICE_FAMILY = "1,2";
			};
			name = Release;
		};
		B56423ED240AAFB500915DE1 /* Debug */ = {
			isa = XCBuildConfiguration;
			buildSettings = {
				ALWAYS_EMBED_SWIFT_STANDARD_LIBRARIES = YES;
				BUNDLE_LOADER = "$(TEST_HOST)";
				CODE_SIGN_STYLE = Automatic;
				INFOPLIST_FILE = CurrencyTests/Info.plist;
				IPHONEOS_DEPLOYMENT_TARGET = 13.2;
				LD_RUNPATH_SEARCH_PATHS = (
					"$(inherited)",
					"@executable_path/Frameworks",
					"@loader_path/Frameworks",
				);
				PRODUCT_BUNDLE_IDENTIFIER = ilya.puchka.CurrencyTests;
				PRODUCT_NAME = "$(TARGET_NAME)";
				SWIFT_VERSION = 5.0;
				TARGETED_DEVICE_FAMILY = "1,2";
				TEST_HOST = "$(BUILT_PRODUCTS_DIR)/Currency.app/Currency";
			};
			name = Debug;
		};
		B56423EE240AAFB500915DE1 /* Release */ = {
			isa = XCBuildConfiguration;
			buildSettings = {
				ALWAYS_EMBED_SWIFT_STANDARD_LIBRARIES = YES;
				BUNDLE_LOADER = "$(TEST_HOST)";
				CODE_SIGN_STYLE = Automatic;
				INFOPLIST_FILE = CurrencyTests/Info.plist;
				IPHONEOS_DEPLOYMENT_TARGET = 13.2;
				LD_RUNPATH_SEARCH_PATHS = (
					"$(inherited)",
					"@executable_path/Frameworks",
					"@loader_path/Frameworks",
				);
				PRODUCT_BUNDLE_IDENTIFIER = ilya.puchka.CurrencyTests;
				PRODUCT_NAME = "$(TARGET_NAME)";
				SWIFT_VERSION = 5.0;
				TARGETED_DEVICE_FAMILY = "1,2";
				TEST_HOST = "$(BUILT_PRODUCTS_DIR)/Currency.app/Currency";
			};
			name = Release;
		};
		B56423F0240AAFB500915DE1 /* Debug */ = {
			isa = XCBuildConfiguration;
			buildSettings = {
				ALWAYS_EMBED_SWIFT_STANDARD_LIBRARIES = YES;
				CODE_SIGN_STYLE = Automatic;
				INFOPLIST_FILE = CurrencyUITests/Info.plist;
				LD_RUNPATH_SEARCH_PATHS = (
					"$(inherited)",
					"@executable_path/Frameworks",
					"@loader_path/Frameworks",
				);
				PRODUCT_BUNDLE_IDENTIFIER = ilya.puchka.CurrencyUITests;
				PRODUCT_NAME = "$(TARGET_NAME)";
				SWIFT_VERSION = 5.0;
				TARGETED_DEVICE_FAMILY = "1,2";
				TEST_TARGET_NAME = Currency;
			};
			name = Debug;
		};
		B56423F1240AAFB500915DE1 /* Release */ = {
			isa = XCBuildConfiguration;
			buildSettings = {
				ALWAYS_EMBED_SWIFT_STANDARD_LIBRARIES = YES;
				CODE_SIGN_STYLE = Automatic;
				INFOPLIST_FILE = CurrencyUITests/Info.plist;
				LD_RUNPATH_SEARCH_PATHS = (
					"$(inherited)",
					"@executable_path/Frameworks",
					"@loader_path/Frameworks",
				);
				PRODUCT_BUNDLE_IDENTIFIER = ilya.puchka.CurrencyUITests;
				PRODUCT_NAME = "$(TARGET_NAME)";
				SWIFT_VERSION = 5.0;
				TARGETED_DEVICE_FAMILY = "1,2";
				TEST_TARGET_NAME = Currency;
			};
			name = Release;
		};
/* End XCBuildConfiguration section */

/* Begin XCConfigurationList section */
		B56423BA240AAFB000915DE1 /* Build configuration list for PBXProject "Currency" */ = {
			isa = XCConfigurationList;
			buildConfigurations = (
				B56423E7240AAFB500915DE1 /* Debug */,
				B56423E8240AAFB500915DE1 /* Release */,
			);
			defaultConfigurationIsVisible = 0;
			defaultConfigurationName = Release;
		};
		B56423E9240AAFB500915DE1 /* Build configuration list for PBXNativeTarget "Currency" */ = {
			isa = XCConfigurationList;
			buildConfigurations = (
				B56423EA240AAFB500915DE1 /* Debug */,
				B56423EB240AAFB500915DE1 /* Release */,
			);
			defaultConfigurationIsVisible = 0;
			defaultConfigurationName = Release;
		};
		B56423EC240AAFB500915DE1 /* Build configuration list for PBXNativeTarget "CurrencyTests" */ = {
			isa = XCConfigurationList;
			buildConfigurations = (
				B56423ED240AAFB500915DE1 /* Debug */,
				B56423EE240AAFB500915DE1 /* Release */,
			);
			defaultConfigurationIsVisible = 0;
			defaultConfigurationName = Release;
		};
		B56423EF240AAFB500915DE1 /* Build configuration list for PBXNativeTarget "CurrencyUITests" */ = {
			isa = XCConfigurationList;
			buildConfigurations = (
				B56423F0240AAFB500915DE1 /* Debug */,
				B56423F1240AAFB500915DE1 /* Release */,
			);
			defaultConfigurationIsVisible = 0;
			defaultConfigurationName = Release;
		};
/* End XCConfigurationList section */

/* Begin XCSwiftPackageProductDependency section */
		B5642474240AB39200915DE1 /* Domain */ = {
			isa = XCSwiftPackageProductDependency;
			productName = Domain;
		};
		B5642479240AB4B600915DE1 /* ConverterFeature */ = {
			isa = XCSwiftPackageProductDependency;
			productName = ConverterFeature;
		};
		B564247B240AB4B900915DE1 /* DataAccess */ = {
			isa = XCSwiftPackageProductDependency;
			productName = DataAccess;
		};
		B564247D240AB4BB00915DE1 /* DesignLibrary */ = {
			isa = XCSwiftPackageProductDependency;
			productName = DesignLibrary;
		};
/* End XCSwiftPackageProductDependency section */
	};
	rootObject = B56423B7240AAFB000915DE1 /* Project object */;
}
